
Microsoft Visual Studio Solution File, Format Version 12.00
# Visual Studio Version 17
VisualStudioVersion = 17.1.32210.238
MinimumVisualStudioVersion = 10.0.40219.1
Project("{9A19103F-16F7-4668-BE54-9A1E7A4F7556}") = "ArtPortfolio", "ArtPortfolio.csproj", "{AE7797B4-927C-493E-8492-39B2899DD6B6}"
EndProject
Project("{9A19103F-16F7-4668-BE54-9A1E7A4F7556}") = "ArtPortfolio.Tests", "..\tests\ArtPortfolio.Tests.csproj", "{C06FEFC1-ADD0-40C7-91A1-59E0E88F7284}"
EndProject
Global
	GlobalSection(SolutionConfigurationPlatforms) = preSolution
		Debug|Any CPU = Debug|Any CPU
		Release|Any CPU = Release|Any CPU
	EndGlobalSection
	GlobalSection(ProjectConfigurationPlatforms) = postSolution
		{AE7797B4-927C-493E-8492-39B2899DD6B6}.Debug|Any CPU.ActiveCfg = Debug|Any CPU
		{AE7797B4-927C-493E-8492-39B2899DD6B6}.Debug|Any CPU.Build.0 = Debug|Any CPU
		{AE7797B4-927C-493E-8492-39B2899DD6B6}.Release|Any CPU.ActiveCfg = Release|Any CPU
		{AE7797B4-927C-493E-8492-39B2899DD6B6}.Release|Any CPU.Build.0 = Release|Any CPU
		{C06FEFC1-ADD0-40C7-91A1-59E0E88F7284}.Debug|Any CPU.ActiveCfg = Debug|Any CPU
		{C06FEFC1-ADD0-40C7-91A1-59E0E88F7284}.Debug|Any CPU.Build.0 = Debug|Any CPU
		{C06FEFC1-ADD0-40C7-91A1-59E0E88F7284}.Release|Any CPU.ActiveCfg = Release|Any CPU
		{C06FEFC1-ADD0-40C7-91A1-59E0E88F7284}.Release|Any CPU.Build.0 = Release|Any CPU
	EndGlobalSection
	GlobalSection(SolutionProperties) = preSolution
		HideSolutionNode = FALSE
	EndGlobalSection
	GlobalSection(ExtensibilityGlobals) = postSolution
		SolutionGuid = {D664CF7C-0B96-4815-A3CB-67957727A3D7}
	EndGlobalSection
EndGlobal
